
Microsoft Visual Studio Solution File, Format Version 12.00
# Visual Studio Version 17
VisualStudioVersion = 17.0.31903.59
MinimumVisualStudioVersion = 10.0.40219.1
Project("{2150E333-8FDC-42A3-9474-1A3956D46DE8}") = "AuthenticationService", "AuthenticationService", "{D46B4888-59F6-43C2-A5E3-57DD183A85A6}"
EndProject
Project("{2150E333-8FDC-42A3-9474-1A3956D46DE8}") = "src", "src", "{639BAFD9-ADCC-4562-AB19-5EC653FE521A}"
EndProject
Project("{FAE04EC0-301F-11D3-BF4B-00C04F79EFBC}") = "EVNexus.AuthService", "AuthenticationService\src\EVNexus.AuthService\EVNexus.AuthService.csproj", "{8126924E-02C8-4741-BEDE-800E135512FB}"
EndProject
Project("{2150E333-8FDC-42A3-9474-1A3956D46DE8}") = "MapService", "MapService", "{15911ADF-ACAB-460F-AF1E-A6BA981D0734}"
EndProject
Project("{2150E333-8FDC-42A3-9474-1A3956D46DE8}") = "src", "src", "{B5E7BC92-CE3D-4F90-A542-D7295C100EDD}"
EndProject
Project("{FAE04EC0-301F-11D3-BF4B-00C04F79EFBC}") = "EVNexus.MapService", "MapService\src\EVNexus.MapService\EVNexus.MapService.csproj", "{576F1135-28BD-4C78-B59A-E57E5A53EABE}"
EndProject
Project("{2150E333-8FDC-42A3-9474-1A3956D46DE8}") = "PaymentService", "PaymentService", "{444E553F-A140-43C3-A7E2-0EB60FE667EA}"
EndProject
Project("{2150E333-8FDC-42A3-9474-1A3956D46DE8}") = "src", "src", "{4EC11316-E5A0-4F7B-89C4-39A6B829948F}"
EndProject
Project("{FAE04EC0-301F-11D3-BF4B-00C04F79EFBC}") = "EVNexus.PaymentService", "PaymentService\src\EVNexus.PaymentService\EVNexus.PaymentService.csproj", "{9A432AF5-53DA-41BB-8C5B-BAD38BA871AD}"
EndProject
Project("{2150E333-8FDC-42A3-9474-1A3956D46DE8}") = "DashboardAnalyticsService", "DashboardAnalyticsService", "{8397A07D-B9B1-4161-A541-B2264E7DC160}"
EndProject
Project("{2150E333-8FDC-42A3-9474-1A3956D46DE8}") = "src", "src", "{CC05E920-C66B-481F-B46D-8F9948B4661D}"
EndProject
Project("{FAE04EC0-301F-11D3-BF4B-00C04F79EFBC}") = "EVNexus.DashboardService", "DashboardAnalyticsService\src\EVNexus.DashboardService\EVNexus.DashboardService.csproj", "{7B43B8A8-E58B-4BC0-8C79-42946524B11A}"
EndProject
Project("{2150E333-8FDC-42A3-9474-1A3956D46DE8}") = "tests", "tests", "{DDB18BBE-A5DE-47CF-800A-B92C7305570C}"
EndProject
Project("{FAE04EC0-301F-11D3-BF4B-00C04F79EFBC}") = "EVNexus.MapService.Tests", "MapService\tests\EVNexus.MapService.Tests\EVNexus.MapService.Tests.csproj", "{A1D7667A-22FC-47FF-8FA5-BC65892E6881}"
EndProject
Project("{2150E333-8FDC-42A3-9474-1A3956D46DE8}") = "tests", "tests", "{03F27FD6-38A6-4C9B-83B1-D1600D8FF218}"
EndProject
Project("{FAE04EC0-301F-11D3-BF4B-00C04F79EFBC}") = "EVNexus.PaymentService.Tests", "PaymentService\tests\EVNexus.PaymentService.Tests\EVNexus.PaymentService.Tests.csproj", "{F224620A-31F3-4464-BECC-19161DD51F20}"
EndProject
Project("{2150E333-8FDC-42A3-9474-1A3956D46DE8}") = "tests", "tests", "{2009D1F0-8B69-4D22-B0F8-85BB42732918}"
EndProject
Project("{FAE04EC0-301F-11D3-BF4B-00C04F79EFBC}") = "EVNexus.DashboardService.Tests", "DashboardAnalyticsService\tests\EVNexus.DashboardService.Tests\EVNexus.DashboardService.Tests.csproj", "{C929B62E-B803-440B-9E9B-7D214ED8C767}"
EndProject
Project("{2150E333-8FDC-42A3-9474-1A3956D46DE8}") = "tests", "tests", "{DB09F381-BD8D-48E0-B872-C8B1C9077ECC}"
EndProject
Project("{FAE04EC0-301F-11D3-BF4B-00C04F79EFBC}") = "EVNexus.AuthService.Tests", "AuthenticationService\tests\EVNexus.AuthService.Tests\EVNexus.AuthService.Tests.csproj", "{8ADEC015-2574-4462-8959-20376CD4AEB3}"
EndProject
Project("{FAE04EC0-301F-11D3-BF4B-00C04F79EFBC}") = "EVNexus.ApiGateway", "ApiGateway\EVNexus.ApiGateway.csproj", "{F291D1A9-0516-4C33-8EA1-F844E720577A}"
EndProject
Global
	GlobalSection(SolutionConfigurationPlatforms) = preSolution
		Debug|Any CPU = Debug|Any CPU
		Release|Any CPU = Release|Any CPU
	EndGlobalSection
	GlobalSection(SolutionProperties) = preSolution
		HideSolutionNode = FALSE
	EndGlobalSection
	GlobalSection(ProjectConfigurationPlatforms) = postSolution
		{8126924E-02C8-4741-BEDE-800E135512FB}.Debug|Any CPU.ActiveCfg = Debug|Any CPU
		{8126924E-02C8-4741-BEDE-800E135512FB}.Debug|Any CPU.Build.0 = Debug|Any CPU
		{8126924E-02C8-4741-BEDE-800E135512FB}.Release|Any CPU.ActiveCfg = Release|Any CPU
		{8126924E-02C8-4741-BEDE-800E135512FB}.Release|Any CPU.Build.0 = Release|Any CPU
		{576F1135-28BD-4C78-B59A-E57E5A53EABE}.Debug|Any CPU.ActiveCfg = Debug|Any CPU
		{576F1135-28BD-4C78-B59A-E57E5A53EABE}.Debug|Any CPU.Build.0 = Debug|Any CPU
		{576F1135-28BD-4C78-B59A-E57E5A53EABE}.Release|Any CPU.ActiveCfg = Release|Any CPU
		{576F1135-28BD-4C78-B59A-E57E5A53EABE}.Release|Any CPU.Build.0 = Release|Any CPU
		{9A432AF5-53DA-41BB-8C5B-BAD38BA871AD}.Debug|Any CPU.ActiveCfg = Debug|Any CPU
		{9A432AF5-53DA-41BB-8C5B-BAD38BA871AD}.Debug|Any CPU.Build.0 = Debug|Any CPU
		{9A432AF5-53DA-41BB-8C5B-BAD38BA871AD}.Release|Any CPU.ActiveCfg = Release|Any CPU
		{9A432AF5-53DA-41BB-8C5B-BAD38BA871AD}.Release|Any CPU.Build.0 = Release|Any CPU
		{7B43B8A8-E58B-4BC0-8C79-42946524B11A}.Debug|Any CPU.ActiveCfg = Debug|Any CPU
		{7B43B8A8-E58B-4BC0-8C79-42946524B11A}.Debug|Any CPU.Build.0 = Debug|Any CPU
		{7B43B8A8-E58B-4BC0-8C79-42946524B11A}.Release|Any CPU.ActiveCfg = Release|Any CPU
		{7B43B8A8-E58B-4BC0-8C79-42946524B11A}.Release|Any CPU.Build.0 = Release|Any CPU
		{A1D7667A-22FC-47FF-8FA5-BC65892E6881}.Debug|Any CPU.ActiveCfg = Debug|Any CPU
		{A1D7667A-22FC-47FF-8FA5-BC65892E6881}.Debug|Any CPU.Build.0 = Debug|Any CPU
		{A1D7667A-22FC-47FF-8FA5-BC65892E6881}.Release|Any CPU.ActiveCfg = Release|Any CPU
		{A1D7667A-22FC-47FF-8FA5-BC65892E6881}.Release|Any CPU.Build.0 = Release|Any CPU
		{F224620A-31F3-4464-BECC-19161DD51F20}.Debug|Any CPU.ActiveCfg = Debug|Any CPU
		{F224620A-31F3-4464-BECC-19161DD51F20}.Debug|Any CPU.Build.0 = Debug|Any CPU
		{F224620A-31F3-4464-BECC-19161DD51F20}.Release|Any CPU.ActiveCfg = Release|Any CPU
		{F224620A-31F3-4464-BECC-19161DD51F20}.Release|Any CPU.Build.0 = Release|Any CPU
		{C929B62E-B803-440B-9E9B-7D214ED8C767}.Debug|Any CPU.ActiveCfg = Debug|Any CPU
		{C929B62E-B803-440B-9E9B-7D214ED8C767}.Debug|Any CPU.Build.0 = Debug|Any CPU
		{C929B62E-B803-440B-9E9B-7D214ED8C767}.Release|Any CPU.ActiveCfg = Release|Any CPU
		{C929B62E-B803-440B-9E9B-7D214ED8C767}.Release|Any CPU.Build.0 = Release|Any CPU
		{8ADEC015-2574-4462-8959-20376CD4AEB3}.Debug|Any CPU.ActiveCfg = Debug|Any CPU
		{8ADEC015-2574-4462-8959-20376CD4AEB3}.Debug|Any CPU.Build.0 = Debug|Any CPU
		{8ADEC015-2574-4462-8959-20376CD4AEB3}.Release|Any CPU.ActiveCfg = Release|Any CPU
		{8ADEC015-2574-4462-8959-20376CD4AEB3}.Release|Any CPU.Build.0 = Release|Any CPU
		{F291D1A9-0516-4C33-8EA1-F844E720577A}.Debug|Any CPU.ActiveCfg = Debug|Any CPU
		{F291D1A9-0516-4C33-8EA1-F844E720577A}.Debug|Any CPU.Build.0 = Debug|Any CPU
		{F291D1A9-0516-4C33-8EA1-F844E720577A}.Release|Any CPU.ActiveCfg = Release|Any CPU
		{F291D1A9-0516-4C33-8EA1-F844E720577A}.Release|Any CPU.Build.0 = Release|Any CPU
	EndGlobalSection
	GlobalSection(NestedProjects) = preSolution
		{639BAFD9-ADCC-4562-AB19-5EC653FE521A} = {D46B4888-59F6-43C2-A5E3-57DD183A85A6}
		{8126924E-02C8-4741-BEDE-800E135512FB} = {639BAFD9-ADCC-4562-AB19-5EC653FE521A}
		{B5E7BC92-CE3D-4F90-A542-D7295C100EDD} = {15911ADF-ACAB-460F-AF1E-A6BA981D0734}
		{576F1135-28BD-4C78-B59A-E57E5A53EABE} = {B5E7BC92-CE3D-4F90-A542-D7295C100EDD}
		{4EC11316-E5A0-4F7B-89C4-39A6B829948F} = {444E553F-A140-43C3-A7E2-0EB60FE667EA}
		{9A432AF5-53DA-41BB-8C5B-BAD38BA871AD} = {4EC11316-E5A0-4F7B-89C4-39A6B829948F}
		{CC05E920-C66B-481F-B46D-8F9948B4661D} = {8397A07D-B9B1-4161-A541-B2264E7DC160}
		{7B43B8A8-E58B-4BC0-8C79-42946524B11A} = {CC05E920-C66B-481F-B46D-8F9948B4661D}
		{DDB18BBE-A5DE-47CF-800A-B92C7305570C} = {15911ADF-ACAB-460F-AF1E-A6BA981D0734}
		{A1D7667A-22FC-47FF-8FA5-BC65892E6881} = {DDB18BBE-A5DE-47CF-800A-B92C7305570C}
		{03F27FD6-38A6-4C9B-83B1-D1600D8FF218} = {444E553F-A140-43C3-A7E2-0EB60FE667EA}
		{F224620A-31F3-4464-BECC-19161DD51F20} = {03F27FD6-38A6-4C9B-83B1-D1600D8FF218}
		{2009D1F0-8B69-4D22-B0F8-85BB42732918} = {8397A07D-B9B1-4161-A541-B2264E7DC160}
		{C929B62E-B803-440B-9E9B-7D214ED8C767} = {2009D1F0-8B69-4D22-B0F8-85BB42732918}
		{DB09F381-BD8D-48E0-B872-C8B1C9077ECC} = {D46B4888-59F6-43C2-A5E3-57DD183A85A6}
		{8ADEC015-2574-4462-8959-20376CD4AEB3} = {DB09F381-BD8D-48E0-B872-C8B1C9077ECC}
	EndGlobalSection
EndGlobal
